
Microsoft Visual Studio Solution File, Format Version 12.00
# Visual Studio Version 17
VisualStudioVersion = 17.5.002.0
MinimumVisualStudioVersion = 10.0.40219.1
Project("{FAE04EC0-301F-11D3-BF4B-00C04F79EFBC}") = "WpfMatchGame", "WpfMatchGame\WpfMatchGame.csproj", "{D09AC33A-47C4-4CFB-AB02-F3788A756710}"
EndProject
Project("{9A19103F-16F7-4668-BE54-9A1E7A4F7556}") = "FunWithNullableValueTypes", "FunWithNullableTypes\FunWithNullableValueTypes.csproj", "{27160D56-CDFE-4FFE-8065-A9EC7219E6D4}"
EndProject
Project("{9A19103F-16F7-4668-BE54-9A1E7A4F7556}") = "FunWithNullableReferenceTypes", "FunWithNullableReferenceTypes\FunWithNullableReferenceTypes.csproj", "{B276AE58-5137-46F2-A3FE-75D33AF6D19C}"
EndProject
Project("{9A19103F-16F7-4668-BE54-9A1E7A4F7556}") = "SimpleConsoleApp", "SimpleConsoleApp\SimpleConsoleApp.csproj", "{821682DC-9AB1-4DB4-B63E-D75B1B07148F}"
EndProject
Project("{9A19103F-16F7-4668-BE54-9A1E7A4F7556}") = "BasicDataTypes", "BasicDataTypes\BasicDataTypes.csproj", "{F410E17F-1A33-4744-AA44-9A92041BA209}"
EndProject
Project("{FAE04EC0-301F-11D3-BF4B-00C04F79EFBC}") = "FunWithStrings", "FunWithStrings\FunWithStrings.csproj", "{887C12CE-92D5-4A06-88EA-3D6280253E7D}"
EndProject
Global
	GlobalSection(SolutionConfigurationPlatforms) = preSolution
		Debug|Any CPU = Debug|Any CPU
		Release|Any CPU = Release|Any CPU
	EndGlobalSection
	GlobalSection(ProjectConfigurationPlatforms) = postSolution
		{D09AC33A-47C4-4CFB-AB02-F3788A756710}.Debug|Any CPU.ActiveCfg = Debug|Any CPU
		{D09AC33A-47C4-4CFB-AB02-F3788A756710}.Debug|Any CPU.Build.0 = Debug|Any CPU
		{D09AC33A-47C4-4CFB-AB02-F3788A756710}.Release|Any CPU.ActiveCfg = Release|Any CPU
		{D09AC33A-47C4-4CFB-AB02-F3788A756710}.Release|Any CPU.Build.0 = Release|Any CPU
		{27160D56-CDFE-4FFE-8065-A9EC7219E6D4}.Debug|Any CPU.ActiveCfg = Debug|Any CPU
		{27160D56-CDFE-4FFE-8065-A9EC7219E6D4}.Debug|Any CPU.Build.0 = Debug|Any CPU
		{27160D56-CDFE-4FFE-8065-A9EC7219E6D4}.Release|Any CPU.ActiveCfg = Release|Any CPU
		{27160D56-CDFE-4FFE-8065-A9EC7219E6D4}.Release|Any CPU.Build.0 = Release|Any CPU
		{B276AE58-5137-46F2-A3FE-75D33AF6D19C}.Debug|Any CPU.ActiveCfg = Debug|Any CPU
		{B276AE58-5137-46F2-A3FE-75D33AF6D19C}.Debug|Any CPU.Build.0 = Debug|Any CPU
		{B276AE58-5137-46F2-A3FE-75D33AF6D19C}.Release|Any CPU.ActiveCfg = Release|Any CPU
		{B276AE58-5137-46F2-A3FE-75D33AF6D19C}.Release|Any CPU.Build.0 = Release|Any CPU
		{821682DC-9AB1-4DB4-B63E-D75B1B07148F}.Debug|Any CPU.ActiveCfg = Debug|Any CPU
		{821682DC-9AB1-4DB4-B63E-D75B1B07148F}.Debug|Any CPU.Build.0 = Debug|Any CPU
		{821682DC-9AB1-4DB4-B63E-D75B1B07148F}.Release|Any CPU.ActiveCfg = Release|Any CPU
		{821682DC-9AB1-4DB4-B63E-D75B1B07148F}.Release|Any CPU.Build.0 = Release|Any CPU
		{F410E17F-1A33-4744-AA44-9A92041BA209}.Debug|Any CPU.ActiveCfg = Debug|Any CPU
		{F410E17F-1A33-4744-AA44-9A92041BA209}.Debug|Any CPU.Build.0 = Debug|Any CPU
		{F410E17F-1A33-4744-AA44-9A92041BA209}.Release|Any CPU.ActiveCfg = Release|Any CPU
		{F410E17F-1A33-4744-AA44-9A92041BA209}.Release|Any CPU.Build.0 = Release|Any CPU
		{887C12CE-92D5-4A06-88EA-3D6280253E7D}.Debug|Any CPU.ActiveCfg = Debug|Any CPU
		{887C12CE-92D5-4A06-88EA-3D6280253E7D}.Debug|Any CPU.Build.0 = Debug|Any CPU
		{887C12CE-92D5-4A06-88EA-3D6280253E7D}.Release|Any CPU.ActiveCfg = Release|Any CPU
		{887C12CE-92D5-4A06-88EA-3D6280253E7D}.Release|Any CPU.Build.0 = Release|Any CPU
	EndGlobalSection
	GlobalSection(SolutionProperties) = preSolution
		HideSolutionNode = FALSE
	EndGlobalSection
	GlobalSection(ExtensibilityGlobals) = postSolution
		SolutionGuid = {2C9280B7-DC59-4B05-AA8A-EA91E90B61B1}
	EndGlobalSection
EndGlobal
