
Microsoft Visual Studio Solution File, Format Version 12.00
# Visual Studio Version 17
VisualStudioVersion = 17.5.002.0
MinimumVisualStudioVersion = 10.0.40219.1
Project("{9A19103F-16F7-4668-BE54-9A1E7A4F7556}") = "FunWithNullableValueTypes", "FunWithNullableTypes\FunWithNullableValueTypes.csproj", "{27160D56-CDFE-4FFE-8065-A9EC7219E6D4}"
EndProject
Project("{9A19103F-16F7-4668-BE54-9A1E7A4F7556}") = "FunWithNullableReferenceTypes", "FunWithNullableReferenceTypes\FunWithNullableReferenceTypes.csproj", "{B276AE58-5137-46F2-A3FE-75D33AF6D19C}"
EndProject
Project("{9A19103F-16F7-4668-BE54-9A1E7A4F7556}") = "FunWithSimpleConsoleApp", "FunWithSimpleConsoleApp\FunWithSimpleConsoleApp.csproj", "{821682DC-9AB1-4DB4-B63E-D75B1B07148F}"
EndProject
Project("{9A19103F-16F7-4668-BE54-9A1E7A4F7556}") = "FunWithBasicDataTypes", "FunWithBasicDataTypes\FunWithBasicDataTypes.csproj", "{F410E17F-1A33-4744-AA44-9A92041BA209}"
EndProject
Project("{9A19103F-16F7-4668-BE54-9A1E7A4F7556}") = "FunWithStrings", "FunWithStrings\FunWithStrings.csproj", "{887C12CE-92D5-4A06-88EA-3D6280253E7D}"
EndProject
Project("{9A19103F-16F7-4668-BE54-9A1E7A4F7556}") = "FunWithIterationConstructs", "FunWithIterationConstructs\FunWithIterationConstructs.csproj", "{14365644-2251-496B-BBC1-C7785118E591}"
EndProject
Project("{9A19103F-16F7-4668-BE54-9A1E7A4F7556}") = "FunWithArrays", "FunWithArrays\FunWithArrays.csproj", "{AC81DF13-AD89-4EDE-9E5D-C4CC6573BA6D}"
EndProject
Project("{9A19103F-16F7-4668-BE54-9A1E7A4F7556}") = "FunWithClasses", "FunWithClasses\FunWithClasses.csproj", "{6992C6BE-7420-4448-BCF6-A3C727DD0164}"
EndProject
Project("{9A19103F-16F7-4668-BE54-9A1E7A4F7556}") = "FunWithExceptions", "FunWithExceptions\FunWithExceptions.csproj", "{A74484A4-ACB2-4BDE-8E35-BD43003D632B}"
EndProject
Project("{9A19103F-16F7-4668-BE54-9A1E7A4F7556}") = "FunWithCustomExceptions", "FunWithCustomExceptions\FunWithCustomExceptions.csproj", "{9E1BCF98-5164-404A-B25F-CD8AEBC885DC}"
EndProject
Project("{9A19103F-16F7-4668-BE54-9A1E7A4F7556}") = "FunWithEncapsulation", "FunWithEncapsulation\FunWithEncapsulation.csproj", "{658D8857-0704-4DD5-A73C-109CA5CAEA12}"
EndProject
Global
	GlobalSection(SolutionConfigurationPlatforms) = preSolution
		Debug|Any CPU = Debug|Any CPU
		Release|Any CPU = Release|Any CPU
	EndGlobalSection
	GlobalSection(ProjectConfigurationPlatforms) = postSolution
		{27160D56-CDFE-4FFE-8065-A9EC7219E6D4}.Debug|Any CPU.ActiveCfg = Debug|Any CPU
		{27160D56-CDFE-4FFE-8065-A9EC7219E6D4}.Debug|Any CPU.Build.0 = Debug|Any CPU
		{27160D56-CDFE-4FFE-8065-A9EC7219E6D4}.Release|Any CPU.ActiveCfg = Release|Any CPU
		{27160D56-CDFE-4FFE-8065-A9EC7219E6D4}.Release|Any CPU.Build.0 = Release|Any CPU
		{B276AE58-5137-46F2-A3FE-75D33AF6D19C}.Debug|Any CPU.ActiveCfg = Debug|Any CPU
		{B276AE58-5137-46F2-A3FE-75D33AF6D19C}.Debug|Any CPU.Build.0 = Debug|Any CPU
		{B276AE58-5137-46F2-A3FE-75D33AF6D19C}.Release|Any CPU.ActiveCfg = Release|Any CPU
		{B276AE58-5137-46F2-A3FE-75D33AF6D19C}.Release|Any CPU.Build.0 = Release|Any CPU
		{821682DC-9AB1-4DB4-B63E-D75B1B07148F}.Debug|Any CPU.ActiveCfg = Debug|Any CPU
		{821682DC-9AB1-4DB4-B63E-D75B1B07148F}.Debug|Any CPU.Build.0 = Debug|Any CPU
		{821682DC-9AB1-4DB4-B63E-D75B1B07148F}.Release|Any CPU.ActiveCfg = Release|Any CPU
		{821682DC-9AB1-4DB4-B63E-D75B1B07148F}.Release|Any CPU.Build.0 = Release|Any CPU
		{F410E17F-1A33-4744-AA44-9A92041BA209}.Debug|Any CPU.ActiveCfg = Debug|Any CPU
		{F410E17F-1A33-4744-AA44-9A92041BA209}.Debug|Any CPU.Build.0 = Debug|Any CPU
		{F410E17F-1A33-4744-AA44-9A92041BA209}.Release|Any CPU.ActiveCfg = Release|Any CPU
		{F410E17F-1A33-4744-AA44-9A92041BA209}.Release|Any CPU.Build.0 = Release|Any CPU
		{887C12CE-92D5-4A06-88EA-3D6280253E7D}.Debug|Any CPU.ActiveCfg = Debug|Any CPU
		{887C12CE-92D5-4A06-88EA-3D6280253E7D}.Debug|Any CPU.Build.0 = Debug|Any CPU
		{887C12CE-92D5-4A06-88EA-3D6280253E7D}.Release|Any CPU.ActiveCfg = Release|Any CPU
		{887C12CE-92D5-4A06-88EA-3D6280253E7D}.Release|Any CPU.Build.0 = Release|Any CPU
		{14365644-2251-496B-BBC1-C7785118E591}.Debug|Any CPU.ActiveCfg = Debug|Any CPU
		{14365644-2251-496B-BBC1-C7785118E591}.Debug|Any CPU.Build.0 = Debug|Any CPU
		{14365644-2251-496B-BBC1-C7785118E591}.Release|Any CPU.ActiveCfg = Release|Any CPU
		{14365644-2251-496B-BBC1-C7785118E591}.Release|Any CPU.Build.0 = Release|Any CPU
		{AC81DF13-AD89-4EDE-9E5D-C4CC6573BA6D}.Debug|Any CPU.ActiveCfg = Debug|Any CPU
		{AC81DF13-AD89-4EDE-9E5D-C4CC6573BA6D}.Debug|Any CPU.Build.0 = Debug|Any CPU
		{AC81DF13-AD89-4EDE-9E5D-C4CC6573BA6D}.Release|Any CPU.ActiveCfg = Release|Any CPU
		{AC81DF13-AD89-4EDE-9E5D-C4CC6573BA6D}.Release|Any CPU.Build.0 = Release|Any CPU
		{6992C6BE-7420-4448-BCF6-A3C727DD0164}.Debug|Any CPU.ActiveCfg = Debug|Any CPU
		{6992C6BE-7420-4448-BCF6-A3C727DD0164}.Debug|Any CPU.Build.0 = Debug|Any CPU
		{6992C6BE-7420-4448-BCF6-A3C727DD0164}.Release|Any CPU.ActiveCfg = Release|Any CPU
		{6992C6BE-7420-4448-BCF6-A3C727DD0164}.Release|Any CPU.Build.0 = Release|Any CPU
		{A74484A4-ACB2-4BDE-8E35-BD43003D632B}.Debug|Any CPU.ActiveCfg = Debug|Any CPU
		{A74484A4-ACB2-4BDE-8E35-BD43003D632B}.Debug|Any CPU.Build.0 = Debug|Any CPU
		{A74484A4-ACB2-4BDE-8E35-BD43003D632B}.Release|Any CPU.ActiveCfg = Release|Any CPU
		{A74484A4-ACB2-4BDE-8E35-BD43003D632B}.Release|Any CPU.Build.0 = Release|Any CPU
		{9E1BCF98-5164-404A-B25F-CD8AEBC885DC}.Debug|Any CPU.ActiveCfg = Debug|Any CPU
		{9E1BCF98-5164-404A-B25F-CD8AEBC885DC}.Debug|Any CPU.Build.0 = Debug|Any CPU
		{9E1BCF98-5164-404A-B25F-CD8AEBC885DC}.Release|Any CPU.ActiveCfg = Release|Any CPU
		{9E1BCF98-5164-404A-B25F-CD8AEBC885DC}.Release|Any CPU.Build.0 = Release|Any CPU
		{658D8857-0704-4DD5-A73C-109CA5CAEA12}.Debug|Any CPU.ActiveCfg = Debug|Any CPU
		{658D8857-0704-4DD5-A73C-109CA5CAEA12}.Debug|Any CPU.Build.0 = Debug|Any CPU
		{658D8857-0704-4DD5-A73C-109CA5CAEA12}.Release|Any CPU.ActiveCfg = Release|Any CPU
		{658D8857-0704-4DD5-A73C-109CA5CAEA12}.Release|Any CPU.Build.0 = Release|Any CPU
	EndGlobalSection
	GlobalSection(SolutionProperties) = preSolution
		HideSolutionNode = FALSE
	EndGlobalSection
	GlobalSection(ExtensibilityGlobals) = postSolution
		SolutionGuid = {2C9280B7-DC59-4B05-AA8A-EA91E90B61B1}
	EndGlobalSection
EndGlobal
