
Microsoft Visual Studio Solution File, Format Version 12.00
# Visual Studio Version 17
VisualStudioVersion = 17.5.002.0
MinimumVisualStudioVersion = 10.0.40219.1
Project("{9A19103F-16F7-4668-BE54-9A1E7A4F7556}") = "dataStructures", "dataStructures\dataStructures.csproj", "{C97C6653-B8A1-4255-96F6-EC6F0EC97E7D}"
EndProject
Project("{9A19103F-16F7-4668-BE54-9A1E7A4F7556}") = "bankAccount", "bankAccount\bankAccount.csproj", "{63954EB9-0717-4777-951D-51EADBA7DD2E}"
EndProject
Project("{9A19103F-16F7-4668-BE54-9A1E7A4F7556}") = "canalLock", "canalLock\canalLock.csproj", "{350971E4-40EE-44CF-A3DD-AA4D28AFFDFE}"
EndProject
Project("{9A19103F-16F7-4668-BE54-9A1E7A4F7556}") = "consoleApp", "consoleApp\consoleApp.csproj", "{4BEC35AE-4D38-4CB3-AE2A-E5B87589074F}"
EndProject
Global
	GlobalSection(SolutionConfigurationPlatforms) = preSolution
		Debug|Any CPU = Debug|Any CPU
		Release|Any CPU = Release|Any CPU
	EndGlobalSection
	GlobalSection(ProjectConfigurationPlatforms) = postSolution
		{C97C6653-B8A1-4255-96F6-EC6F0EC97E7D}.Debug|Any CPU.ActiveCfg = Debug|Any CPU
		{C97C6653-B8A1-4255-96F6-EC6F0EC97E7D}.Debug|Any CPU.Build.0 = Debug|Any CPU
		{C97C6653-B8A1-4255-96F6-EC6F0EC97E7D}.Release|Any CPU.ActiveCfg = Release|Any CPU
		{C97C6653-B8A1-4255-96F6-EC6F0EC97E7D}.Release|Any CPU.Build.0 = Release|Any CPU
		{63954EB9-0717-4777-951D-51EADBA7DD2E}.Debug|Any CPU.ActiveCfg = Debug|Any CPU
		{63954EB9-0717-4777-951D-51EADBA7DD2E}.Debug|Any CPU.Build.0 = Debug|Any CPU
		{63954EB9-0717-4777-951D-51EADBA7DD2E}.Release|Any CPU.ActiveCfg = Release|Any CPU
		{63954EB9-0717-4777-951D-51EADBA7DD2E}.Release|Any CPU.Build.0 = Release|Any CPU
		{350971E4-40EE-44CF-A3DD-AA4D28AFFDFE}.Debug|Any CPU.ActiveCfg = Debug|Any CPU
		{350971E4-40EE-44CF-A3DD-AA4D28AFFDFE}.Debug|Any CPU.Build.0 = Debug|Any CPU
		{350971E4-40EE-44CF-A3DD-AA4D28AFFDFE}.Release|Any CPU.ActiveCfg = Release|Any CPU
		{350971E4-40EE-44CF-A3DD-AA4D28AFFDFE}.Release|Any CPU.Build.0 = Release|Any CPU
		{4BEC35AE-4D38-4CB3-AE2A-E5B87589074F}.Debug|Any CPU.ActiveCfg = Debug|Any CPU
		{4BEC35AE-4D38-4CB3-AE2A-E5B87589074F}.Debug|Any CPU.Build.0 = Debug|Any CPU
		{4BEC35AE-4D38-4CB3-AE2A-E5B87589074F}.Release|Any CPU.ActiveCfg = Release|Any CPU
		{4BEC35AE-4D38-4CB3-AE2A-E5B87589074F}.Release|Any CPU.Build.0 = Release|Any CPU
	EndGlobalSection
	GlobalSection(SolutionProperties) = preSolution
		HideSolutionNode = FALSE
	EndGlobalSection
	GlobalSection(ExtensibilityGlobals) = postSolution
		SolutionGuid = {2C9280B7-DC59-4B05-AA8A-EA91E90B61B1}
	EndGlobalSection
EndGlobal
