
Microsoft Visual Studio Solution File, Format Version 12.00
# Visual Studio Version 17
VisualStudioVersion = 17.5.002.0
MinimumVisualStudioVersion = 10.0.40219.1
Project("{FAE04EC0-301F-11D3-BF4B-00C04F79EFBC}") = "dataStructures", "dataStructures\dataStructures.csproj", "{C97C6653-B8A1-4255-96F6-EC6F0EC97E7D}"
EndProject
Project("{FAE04EC0-301F-11D3-BF4B-00C04F79EFBC}") = "bankAccount", "bankAccount\bankAccount.csproj", "{63954EB9-0717-4777-951D-51EADBA7DD2E}"
EndProject
Global
	GlobalSection(SolutionConfigurationPlatforms) = preSolution
		Debug|Any CPU = Debug|Any CPU
		Release|Any CPU = Release|Any CPU
	EndGlobalSection
	GlobalSection(ProjectConfigurationPlatforms) = postSolution
		{C97C6653-B8A1-4255-96F6-EC6F0EC97E7D}.Debug|Any CPU.ActiveCfg = Debug|Any CPU
		{C97C6653-B8A1-4255-96F6-EC6F0EC97E7D}.Debug|Any CPU.Build.0 = Debug|Any CPU
		{C97C6653-B8A1-4255-96F6-EC6F0EC97E7D}.Release|Any CPU.ActiveCfg = Release|Any CPU
		{C97C6653-B8A1-4255-96F6-EC6F0EC97E7D}.Release|Any CPU.Build.0 = Release|Any CPU
		{63954EB9-0717-4777-951D-51EADBA7DD2E}.Debug|Any CPU.ActiveCfg = Debug|Any CPU
		{63954EB9-0717-4777-951D-51EADBA7DD2E}.Debug|Any CPU.Build.0 = Debug|Any CPU
		{63954EB9-0717-4777-951D-51EADBA7DD2E}.Release|Any CPU.ActiveCfg = Release|Any CPU
		{63954EB9-0717-4777-951D-51EADBA7DD2E}.Release|Any CPU.Build.0 = Release|Any CPU
	EndGlobalSection
	GlobalSection(SolutionProperties) = preSolution
		HideSolutionNode = FALSE
	EndGlobalSection
	GlobalSection(ExtensibilityGlobals) = postSolution
		SolutionGuid = {2C9280B7-DC59-4B05-AA8A-EA91E90B61B1}
	EndGlobalSection
EndGlobal
